
Microsoft Visual Studio Solution File, Format Version 12.00
# Visual Studio Version 16
VisualStudioVersion = 16.0.32106.194
MinimumVisualStudioVersion = 10.0.40219.1
Project("{FAE04EC0-301F-11D3-BF4B-00C04F79EFBC}") = "학교관리과제", "MainProject\학교관리과제.csproj", "{95E56806-A949-4C08-93CD-AEC7D814BB6A}"
EndProject
Global
	GlobalSection(SolutionConfigurationPlatforms) = preSolution
		Debug|Any CPU = Debug|Any CPU
		Release|Any CPU = Release|Any CPU
	EndGlobalSection
	GlobalSection(ProjectConfigurationPlatforms) = postSolution
		{95E56806-A949-4C08-93CD-AEC7D814BB6A}.Debug|Any CPU.ActiveCfg = Debug|Any CPU
		{95E56806-A949-4C08-93CD-AEC7D814BB6A}.Debug|Any CPU.Build.0 = Debug|Any CPU
		{95E56806-A949-4C08-93CD-AEC7D814BB6A}.Release|Any CPU.ActiveCfg = Release|Any CPU
		{95E56806-A949-4C08-93CD-AEC7D814BB6A}.Release|Any CPU.Build.0 = Release|Any CPU
	EndGlobalSection
	GlobalSection(SolutionProperties) = preSolution
		HideSolutionNode = FALSE
	EndGlobalSection
	GlobalSection(ExtensibilityGlobals) = postSolution
		SolutionGuid = {A29509E3-B797-4354-B86D-AB1567CBD7BA}
	EndGlobalSection
EndGlobal
